
Microsoft Visual Studio Solution File, Format Version 12.00
# Visual Studio Version 16
VisualStudioVersion = 16.0.30114.105
MinimumVisualStudioVersion = 10.0.40219.1
Project("{9A19103F-16F7-4668-BE54-9A1E7A4F7556}") = "Shop.Domain", "Shop.Domain\Shop.Domain.csproj", "{35F44AD7-5A20-44D9-B0E9-FCBD3FD89A6F}"
EndProject
Project("{9A19103F-16F7-4668-BE54-9A1E7A4F7556}") = "Shop.Infra", "Shop.Infra\Shop.Infra.csproj", "{D1BC20F8-D00D-413C-9974-A398B7897DE5}"
EndProject
Project("{9A19103F-16F7-4668-BE54-9A1E7A4F7556}") = "Shop.Services", "Shop.Services\Shop.Services.csproj", "{1C0CF199-BD30-44D6-9610-9D87E3090211}"
EndProject
Project("{9A19103F-16F7-4668-BE54-9A1E7A4F7556}") = "Shop.Api", "Shop.Api\Shop.Api.csproj", "{A120FA3C-79FC-4700-B369-46609D98C768}"
EndProject
Project("{9A19103F-16F7-4668-BE54-9A1E7A4F7556}") = "Shop.Application", "Shop.Application\Shop.Application.csproj", "{EFEAF3D3-DE17-48E4-849E-D82F90044791}"
EndProject
Project("{2150E333-8FDC-42A3-9474-1A3956D46DE8}") = "Api", "Api", "{3240717D-1FAB-48A1-A23E-6C15A8FE76F7}"
EndProject
Project("{2150E333-8FDC-42A3-9474-1A3956D46DE8}") = "Application", "Application", "{997F5D5D-904F-4CC2-8E19-CD14CD7C3F4F}"
EndProject
Project("{2150E333-8FDC-42A3-9474-1A3956D46DE8}") = "Domain", "Domain", "{86B7F0AD-2812-42D4-BCEC-6C1FC79AC204}"
EndProject
Project("{2150E333-8FDC-42A3-9474-1A3956D46DE8}") = "Infra", "Infra", "{63A31460-D356-4A29-AF14-6D812CEE5F87}"
EndProject
Project("{2150E333-8FDC-42A3-9474-1A3956D46DE8}") = "Services", "Services", "{2E65A4B3-9827-4DC5-92B5-81F019AD3B5C}"
EndProject
Global
	GlobalSection(SolutionConfigurationPlatforms) = preSolution
		Debug|Any CPU = Debug|Any CPU
		Debug|x64 = Debug|x64
		Debug|x86 = Debug|x86
		Release|Any CPU = Release|Any CPU
		Release|x64 = Release|x64
		Release|x86 = Release|x86
	EndGlobalSection
	GlobalSection(ProjectConfigurationPlatforms) = postSolution
		{35F44AD7-5A20-44D9-B0E9-FCBD3FD89A6F}.Debug|Any CPU.ActiveCfg = Debug|Any CPU
		{35F44AD7-5A20-44D9-B0E9-FCBD3FD89A6F}.Debug|Any CPU.Build.0 = Debug|Any CPU
		{35F44AD7-5A20-44D9-B0E9-FCBD3FD89A6F}.Debug|x64.ActiveCfg = Debug|Any CPU
		{35F44AD7-5A20-44D9-B0E9-FCBD3FD89A6F}.Debug|x64.Build.0 = Debug|Any CPU
		{35F44AD7-5A20-44D9-B0E9-FCBD3FD89A6F}.Debug|x86.ActiveCfg = Debug|Any CPU
		{35F44AD7-5A20-44D9-B0E9-FCBD3FD89A6F}.Debug|x86.Build.0 = Debug|Any CPU
		{35F44AD7-5A20-44D9-B0E9-FCBD3FD89A6F}.Release|Any CPU.ActiveCfg = Release|Any CPU
		{35F44AD7-5A20-44D9-B0E9-FCBD3FD89A6F}.Release|Any CPU.Build.0 = Release|Any CPU
		{35F44AD7-5A20-44D9-B0E9-FCBD3FD89A6F}.Release|x64.ActiveCfg = Release|Any CPU
		{35F44AD7-5A20-44D9-B0E9-FCBD3FD89A6F}.Release|x64.Build.0 = Release|Any CPU
		{35F44AD7-5A20-44D9-B0E9-FCBD3FD89A6F}.Release|x86.ActiveCfg = Release|Any CPU
		{35F44AD7-5A20-44D9-B0E9-FCBD3FD89A6F}.Release|x86.Build.0 = Release|Any CPU
		{D1BC20F8-D00D-413C-9974-A398B7897DE5}.Debug|Any CPU.ActiveCfg = Debug|Any CPU
		{D1BC20F8-D00D-413C-9974-A398B7897DE5}.Debug|Any CPU.Build.0 = Debug|Any CPU
		{D1BC20F8-D00D-413C-9974-A398B7897DE5}.Debug|x64.ActiveCfg = Debug|Any CPU
		{D1BC20F8-D00D-413C-9974-A398B7897DE5}.Debug|x64.Build.0 = Debug|Any CPU
		{D1BC20F8-D00D-413C-9974-A398B7897DE5}.Debug|x86.ActiveCfg = Debug|Any CPU
		{D1BC20F8-D00D-413C-9974-A398B7897DE5}.Debug|x86.Build.0 = Debug|Any CPU
		{D1BC20F8-D00D-413C-9974-A398B7897DE5}.Release|Any CPU.ActiveCfg = Release|Any CPU
		{D1BC20F8-D00D-413C-9974-A398B7897DE5}.Release|Any CPU.Build.0 = Release|Any CPU
		{D1BC20F8-D00D-413C-9974-A398B7897DE5}.Release|x64.ActiveCfg = Release|Any CPU
		{D1BC20F8-D00D-413C-9974-A398B7897DE5}.Release|x64.Build.0 = Release|Any CPU
		{D1BC20F8-D00D-413C-9974-A398B7897DE5}.Release|x86.ActiveCfg = Release|Any CPU
		{D1BC20F8-D00D-413C-9974-A398B7897DE5}.Release|x86.Build.0 = Release|Any CPU
		{1C0CF199-BD30-44D6-9610-9D87E3090211}.Debug|Any CPU.ActiveCfg = Debug|Any CPU
		{1C0CF199-BD30-44D6-9610-9D87E3090211}.Debug|Any CPU.Build.0 = Debug|Any CPU
		{1C0CF199-BD30-44D6-9610-9D87E3090211}.Debug|x64.ActiveCfg = Debug|Any CPU
		{1C0CF199-BD30-44D6-9610-9D87E3090211}.Debug|x64.Build.0 = Debug|Any CPU
		{1C0CF199-BD30-44D6-9610-9D87E3090211}.Debug|x86.ActiveCfg = Debug|Any CPU
		{1C0CF199-BD30-44D6-9610-9D87E3090211}.Debug|x86.Build.0 = Debug|Any CPU
		{1C0CF199-BD30-44D6-9610-9D87E3090211}.Release|Any CPU.ActiveCfg = Release|Any CPU
		{1C0CF199-BD30-44D6-9610-9D87E3090211}.Release|Any CPU.Build.0 = Release|Any CPU
		{1C0CF199-BD30-44D6-9610-9D87E3090211}.Release|x64.ActiveCfg = Release|Any CPU
		{1C0CF199-BD30-44D6-9610-9D87E3090211}.Release|x64.Build.0 = Release|Any CPU
		{1C0CF199-BD30-44D6-9610-9D87E3090211}.Release|x86.ActiveCfg = Release|Any CPU
		{1C0CF199-BD30-44D6-9610-9D87E3090211}.Release|x86.Build.0 = Release|Any CPU
		{A120FA3C-79FC-4700-B369-46609D98C768}.Debug|Any CPU.ActiveCfg = Debug|Any CPU
		{A120FA3C-79FC-4700-B369-46609D98C768}.Debug|Any CPU.Build.0 = Debug|Any CPU
		{A120FA3C-79FC-4700-B369-46609D98C768}.Debug|x64.ActiveCfg = Debug|Any CPU
		{A120FA3C-79FC-4700-B369-46609D98C768}.Debug|x64.Build.0 = Debug|Any CPU
		{A120FA3C-79FC-4700-B369-46609D98C768}.Debug|x86.ActiveCfg = Debug|Any CPU
		{A120FA3C-79FC-4700-B369-46609D98C768}.Debug|x86.Build.0 = Debug|Any CPU
		{A120FA3C-79FC-4700-B369-46609D98C768}.Release|Any CPU.ActiveCfg = Release|Any CPU
		{A120FA3C-79FC-4700-B369-46609D98C768}.Release|Any CPU.Build.0 = Release|Any CPU
		{A120FA3C-79FC-4700-B369-46609D98C768}.Release|x64.ActiveCfg = Release|Any CPU
		{A120FA3C-79FC-4700-B369-46609D98C768}.Release|x64.Build.0 = Release|Any CPU
		{A120FA3C-79FC-4700-B369-46609D98C768}.Release|x86.ActiveCfg = Release|Any CPU
		{A120FA3C-79FC-4700-B369-46609D98C768}.Release|x86.Build.0 = Release|Any CPU
		{EFEAF3D3-DE17-48E4-849E-D82F90044791}.Debug|Any CPU.ActiveCfg = Debug|Any CPU
		{EFEAF3D3-DE17-48E4-849E-D82F90044791}.Debug|Any CPU.Build.0 = Debug|Any CPU
		{EFEAF3D3-DE17-48E4-849E-D82F90044791}.Debug|x64.ActiveCfg = Debug|Any CPU
		{EFEAF3D3-DE17-48E4-849E-D82F90044791}.Debug|x64.Build.0 = Debug|Any CPU
		{EFEAF3D3-DE17-48E4-849E-D82F90044791}.Debug|x86.ActiveCfg = Debug|Any CPU
		{EFEAF3D3-DE17-48E4-849E-D82F90044791}.Debug|x86.Build.0 = Debug|Any CPU
		{EFEAF3D3-DE17-48E4-849E-D82F90044791}.Release|Any CPU.ActiveCfg = Release|Any CPU
		{EFEAF3D3-DE17-48E4-849E-D82F90044791}.Release|Any CPU.Build.0 = Release|Any CPU
		{EFEAF3D3-DE17-48E4-849E-D82F90044791}.Release|x64.ActiveCfg = Release|Any CPU
		{EFEAF3D3-DE17-48E4-849E-D82F90044791}.Release|x64.Build.0 = Release|Any CPU
		{EFEAF3D3-DE17-48E4-849E-D82F90044791}.Release|x86.ActiveCfg = Release|Any CPU
		{EFEAF3D3-DE17-48E4-849E-D82F90044791}.Release|x86.Build.0 = Release|Any CPU
	EndGlobalSection
	GlobalSection(SolutionProperties) = preSolution
		HideSolutionNode = FALSE
	EndGlobalSection
	GlobalSection(NestedProjects) = preSolution
		{35F44AD7-5A20-44D9-B0E9-FCBD3FD89A6F} = {86B7F0AD-2812-42D4-BCEC-6C1FC79AC204}
		{D1BC20F8-D00D-413C-9974-A398B7897DE5} = {63A31460-D356-4A29-AF14-6D812CEE5F87}
		{1C0CF199-BD30-44D6-9610-9D87E3090211} = {2E65A4B3-9827-4DC5-92B5-81F019AD3B5C}
		{A120FA3C-79FC-4700-B369-46609D98C768} = {3240717D-1FAB-48A1-A23E-6C15A8FE76F7}
		{EFEAF3D3-DE17-48E4-849E-D82F90044791} = {997F5D5D-904F-4CC2-8E19-CD14CD7C3F4F}
	EndGlobalSection
	GlobalSection(ExtensibilityGlobals) = postSolution
		SolutionGuid = {F248E47D-4F0F-4E89-81C0-71F0062241D6}
	EndGlobalSection
EndGlobal
